
Microsoft Visual Studio Solution File, Format Version 12.00
# Visual Studio 14
VisualStudioVersion = 14.0.23107.0
MinimumVisualStudioVersion = 10.0.40219.1
Project("{FAE04EC0-301F-11D3-BF4B-00C04F79EFBC}") = "IHRMDAO", "IHRMDAO\IHRMDAO.csproj", "{70371D8A-6A08-403D-848F-7CCE77182B01}"
EndProject
Project("{FAE04EC0-301F-11D3-BF4B-00C04F79EFBC}") = "HRMEFentity", "HRMEFentity\HRMEFentity.csproj", "{2D075D41-E54A-41A7-812D-81C7A24C7C61}"
EndProject
Project("{FAE04EC0-301F-11D3-BF4B-00C04F79EFBC}") = "HRMDAO", "HRMDAO\HRMDAO.csproj", "{C224D995-83D4-4448-8FBA-F58ED0BE5405}"
EndProject
Project("{FAE04EC0-301F-11D3-BF4B-00C04F79EFBC}") = "HRMIOC", "HRMIOC\HRMIOC.csproj", "{EA750ED1-234B-4847-A402-C2643BD3BDA1}"
EndProject
Project("{FAE04EC0-301F-11D3-BF4B-00C04F79EFBC}") = "HRMModel", "HRMModel\HRMModel.csproj", "{60EC64AA-0E31-42B4-877E-E57D48C73FFC}"
EndProject
Project("{FAE04EC0-301F-11D3-BF4B-00C04F79EFBC}") = "IHRMBLL", "IHRMBLL\IHRMBLL.csproj", "{088F2163-8CE7-4E3E-9369-5D06AA3FA949}"
EndProject
Project("{FAE04EC0-301F-11D3-BF4B-00C04F79EFBC}") = "HRMBLL", "HRMBLL\HRMBLL.csproj", "{D9E5B232-A6E8-44F0-98C0-2E232D073D49}"
EndProject
Project("{FAE04EC0-301F-11D3-BF4B-00C04F79EFBC}") = "HRMUI", "HRMUI\HRMUI.csproj", "{BC223D04-F1BE-4E0D-8DE6-0CD210E78E15}"
EndProject
Global
	GlobalSection(SolutionConfigurationPlatforms) = preSolution
		Debug|Any CPU = Debug|Any CPU
		Release|Any CPU = Release|Any CPU
	EndGlobalSection
	GlobalSection(ProjectConfigurationPlatforms) = postSolution
		{70371D8A-6A08-403D-848F-7CCE77182B01}.Debug|Any CPU.ActiveCfg = Debug|Any CPU
		{70371D8A-6A08-403D-848F-7CCE77182B01}.Debug|Any CPU.Build.0 = Debug|Any CPU
		{70371D8A-6A08-403D-848F-7CCE77182B01}.Release|Any CPU.ActiveCfg = Release|Any CPU
		{70371D8A-6A08-403D-848F-7CCE77182B01}.Release|Any CPU.Build.0 = Release|Any CPU
		{2D075D41-E54A-41A7-812D-81C7A24C7C61}.Debug|Any CPU.ActiveCfg = Debug|Any CPU
		{2D075D41-E54A-41A7-812D-81C7A24C7C61}.Debug|Any CPU.Build.0 = Debug|Any CPU
		{2D075D41-E54A-41A7-812D-81C7A24C7C61}.Release|Any CPU.ActiveCfg = Release|Any CPU
		{2D075D41-E54A-41A7-812D-81C7A24C7C61}.Release|Any CPU.Build.0 = Release|Any CPU
		{C224D995-83D4-4448-8FBA-F58ED0BE5405}.Debug|Any CPU.ActiveCfg = Debug|Any CPU
		{C224D995-83D4-4448-8FBA-F58ED0BE5405}.Debug|Any CPU.Build.0 = Debug|Any CPU
		{C224D995-83D4-4448-8FBA-F58ED0BE5405}.Release|Any CPU.ActiveCfg = Release|Any CPU
		{C224D995-83D4-4448-8FBA-F58ED0BE5405}.Release|Any CPU.Build.0 = Release|Any CPU
		{EA750ED1-234B-4847-A402-C2643BD3BDA1}.Debug|Any CPU.ActiveCfg = Debug|Any CPU
		{EA750ED1-234B-4847-A402-C2643BD3BDA1}.Debug|Any CPU.Build.0 = Debug|Any CPU
		{EA750ED1-234B-4847-A402-C2643BD3BDA1}.Release|Any CPU.ActiveCfg = Release|Any CPU
		{EA750ED1-234B-4847-A402-C2643BD3BDA1}.Release|Any CPU.Build.0 = Release|Any CPU
		{60EC64AA-0E31-42B4-877E-E57D48C73FFC}.Debug|Any CPU.ActiveCfg = Debug|Any CPU
		{60EC64AA-0E31-42B4-877E-E57D48C73FFC}.Debug|Any CPU.Build.0 = Debug|Any CPU
		{60EC64AA-0E31-42B4-877E-E57D48C73FFC}.Release|Any CPU.ActiveCfg = Release|Any CPU
		{60EC64AA-0E31-42B4-877E-E57D48C73FFC}.Release|Any CPU.Build.0 = Release|Any CPU
		{088F2163-8CE7-4E3E-9369-5D06AA3FA949}.Debug|Any CPU.ActiveCfg = Debug|Any CPU
		{088F2163-8CE7-4E3E-9369-5D06AA3FA949}.Debug|Any CPU.Build.0 = Debug|Any CPU
		{088F2163-8CE7-4E3E-9369-5D06AA3FA949}.Release|Any CPU.ActiveCfg = Release|Any CPU
		{088F2163-8CE7-4E3E-9369-5D06AA3FA949}.Release|Any CPU.Build.0 = Release|Any CPU
		{D9E5B232-A6E8-44F0-98C0-2E232D073D49}.Debug|Any CPU.ActiveCfg = Debug|Any CPU
		{D9E5B232-A6E8-44F0-98C0-2E232D073D49}.Debug|Any CPU.Build.0 = Debug|Any CPU
		{D9E5B232-A6E8-44F0-98C0-2E232D073D49}.Release|Any CPU.ActiveCfg = Release|Any CPU
		{D9E5B232-A6E8-44F0-98C0-2E232D073D49}.Release|Any CPU.Build.0 = Release|Any CPU
		{BC223D04-F1BE-4E0D-8DE6-0CD210E78E15}.Debug|Any CPU.ActiveCfg = Debug|Any CPU
		{BC223D04-F1BE-4E0D-8DE6-0CD210E78E15}.Debug|Any CPU.Build.0 = Debug|Any CPU
		{BC223D04-F1BE-4E0D-8DE6-0CD210E78E15}.Release|Any CPU.ActiveCfg = Release|Any CPU
		{BC223D04-F1BE-4E0D-8DE6-0CD210E78E15}.Release|Any CPU.Build.0 = Release|Any CPU
	EndGlobalSection
	GlobalSection(SolutionProperties) = preSolution
		HideSolutionNode = FALSE
	EndGlobalSection
EndGlobal
